// !$*UTF8*$!
{
	archiveVersion = 1;
	classes = {
	};
	objectVersion = 46;
	objects = {

/* Begin PBXBuildFile section */
		EB5B75E91B58FCD3003F4D97 /* main.c in Sources */ = {isa = PBXBuildFile; fileRef = EB5B75E81B58FCD3003F4D97 /* main.c */; };
		EB5B76461B5900C4003F4D97 /* client.c in Sources */ = {isa = PBXBuildFile; fileRef = EB5B76341B5900C4003F4D97 /* client.c */; };
		EB5B76471B5900C4003F4D97 /* goban.c in Sources */ = {isa = PBXBuildFile; fileRef = EB5B76351B5900C4003F4D97 /* goban.c */; };
		EB5B76481B5900C4003F4D97 /* Makefile in Sources */ = {isa = PBXBuildFile; fileRef = EB5B76371B5900C4003F4D97 /* Makefile */; };
		EB5B76491B5900C4003F4D97 /* server.c in Sources */ = {isa = PBXBuildFile; fileRef = EB5B76381B5900C4003F4D97 /* server.c */; };
		EB5B764A1B5900C4003F4D97 /* server.o in Frameworks */ = {isa = PBXBuildFile; fileRef = EB5B76391B5900C4003F4D97 /* server.o */; };
		EB5B764B1B5900C4003F4D97 /* chop_newline.c in Sources */ = {isa = PBXBuildFile; fileRef = EB5B763B1B5900C4003F4D97 /* chop_newline.c */; };
		EB5B764C1B5900C4003F4D97 /* chop_newline.o in Frameworks */ = {isa = PBXBuildFile; fileRef = EB5B763C1B5900C4003F4D97 /* chop_newline.o */; };
		EB5B764D1B5900C4003F4D97 /* Makefile in Sources */ = {isa = PBXBuildFile; fileRef = EB5B763D1B5900C4003F4D97 /* Makefile */; };
		EB5B764E1B5900C4003F4D97 /* mylib.a in Frameworks */ = {isa = PBXBuildFile; fileRef = EB5B763E1B5900C4003F4D97 /* mylib.a */; };
		EB5B764F1B5900C4003F4D97 /* setup_client.c in Sources */ = {isa = PBXBuildFile; fileRef = EB5B76401B5900C4003F4D97 /* setup_client.c */; };
		EB5B76501B5900C4003F4D97 /* setup_client.o in Frameworks */ = {isa = PBXBuildFile; fileRef = EB5B76411B5900C4003F4D97 /* setup_client.o */; };
		EB5B76511B5900C4003F4D97 /* setup_server.c in Sources */ = {isa = PBXBuildFile; fileRef = EB5B76421B5900C4003F4D97 /* setup_server.c */; };
		EB5B76521B5900C4003F4D97 /* setup_server.o in Frameworks */ = {isa = PBXBuildFile; fileRef = EB5B76431B5900C4003F4D97 /* setup_server.o */; };
		EB5B76531B5900C4003F4D97 /* main.c in Sources */ = {isa = PBXBuildFile; fileRef = EB5B76451B5900C4003F4D97 /* main.c */; };
		EB5B76611B590AAF003F4D97 /* client.c in Sources */ = {isa = PBXBuildFile; fileRef = EB5B765F1B590AAF003F4D97 /* client.c */; };
		EB5B76621B590AAF003F4D97 /* server.c in Sources */ = {isa = PBXBuildFile; fileRef = EB5B76601B590AAF003F4D97 /* server.c */; };
		EB98FA0E1B5A1177001D612B /* server.c in Sources */ = {isa = PBXBuildFile; fileRef = EB98FA0D1B5A1177001D612B /* server.c */; };
		EB98FA101B5A1297001D612B /* mylib.a in Frameworks */ = {isa = PBXBuildFile; fileRef = EB98FA0F1B5A1297001D612B /* mylib.a */; };
		EB98FA121B5A1385001D612B /* client.c in Sources */ = {isa = PBXBuildFile; fileRef = EB98FA111B5A1385001D612B /* client.c */; };
		EB98FA161B5A15AE001D612B /* session.c in Sources */ = {isa = PBXBuildFile; fileRef = EB98FA141B5A15AE001D612B /* session.c */; };
		EB98FA181B5A3569001D612B /* Makefile in Sources */ = {isa = PBXBuildFile; fileRef = EB98FA171B5A3569001D612B /* Makefile */; };
		EB98FA251B5A556E001D612B /* mylib.a in Frameworks */ = {isa = PBXBuildFile; fileRef = EB98FA241B5A556E001D612B /* mylib.a */; };
		EB98FA271B5A55B4001D612B /* setup_mserver.c in Sources */ = {isa = PBXBuildFile; fileRef = EB98FA261B5A55B4001D612B /* setup_mserver.c */; };
		EB98FA291B5B31A2001D612B /* sessionman.c in Sources */ = {isa = PBXBuildFile; fileRef = EB98FA281B5B31A2001D612B /* sessionman.c */; };
		EB98FA2B1B5B641D001D612B /* server.c in Sources */ = {isa = PBXBuildFile; fileRef = EB98FA2A1B5B641D001D612B /* server.c */; };
		EB98FA2E1B5B6A52001D612B /* session.c in Sources */ = {isa = PBXBuildFile; fileRef = EB98FA2D1B5B6A52001D612B /* session.c */; };
		EB98FA301B5B78E8001D612B /* client.c in Sources */ = {isa = PBXBuildFile; fileRef = EB98FA2F1B5B78E8001D612B /* client.c */; };
		EB98FA331B5B7CC9001D612B /* Makefile in Sources */ = {isa = PBXBuildFile; fileRef = EB98FA321B5B7CC9001D612B /* Makefile */; };
		EB98FA351B5B7CE4001D612B /* setup_mserver.c in Sources */ = {isa = PBXBuildFile; fileRef = EB98FA341B5B7CE4001D612B /* setup_mserver.c */; };
		EB98FA3A1B5B7DC1001D612B /* chop_newline.c in Sources */ = {isa = PBXBuildFile; fileRef = EB98FA361B5B7DC1001D612B /* chop_newline.c */; };
		EB98FA3B1B5B7DC1001D612B /* setup_client.c in Sources */ = {isa = PBXBuildFile; fileRef = EB98FA371B5B7DC1001D612B /* setup_client.c */; };
		EB98FA3C1B5B7DC1001D612B /* setup_server.c in Sources */ = {isa = PBXBuildFile; fileRef = EB98FA381B5B7DC1001D612B /* setup_server.c */; };
		EB98FA3D1B5B7DC1001D612B /* setup_server.o in Frameworks */ = {isa = PBXBuildFile; fileRef = EB98FA391B5B7DC1001D612B /* setup_server.o */; };
		EB98FA401B5B7E4E001D612B /* Makefile in Sources */ = {isa = PBXBuildFile; fileRef = EB98FA3F1B5B7E4E001D612B /* Makefile */; };
		EBC7CED11B710E3E000E0B3A /* client.c in Sources */ = {isa = PBXBuildFile; fileRef = EBC7CED01B710E3E000E0B3A /* client.c */; };
		EBC7CED61B7112B3000E0B3A /* Makefile in Sources */ = {isa = PBXBuildFile; fileRef = EBC7CED51B7112B3000E0B3A /* Makefile */; };
		EBC7CEE51B78EC0C000E0B3A /* chop_newline.c in Sources */ = {isa = PBXBuildFile; fileRef = EBC7CEDA1B78EC0C000E0B3A /* chop_newline.c */; };
		EBC7CEE61B78EC0C000E0B3A /* chop_newline.o in Frameworks */ = {isa = PBXBuildFile; fileRef = EBC7CEDB1B78EC0C000E0B3A /* chop_newline.o */; };
		EBC7CEE71B78EC0C000E0B3A /* Makefile in Sources */ = {isa = PBXBuildFile; fileRef = EBC7CEDC1B78EC0C000E0B3A /* Makefile */; };
		EBC7CEE81B78EC0C000E0B3A /* mylib.a in Frameworks */ = {isa = PBXBuildFile; fileRef = EBC7CEDD1B78EC0C000E0B3A /* mylib.a */; };
		EBC7CEE91B78EC0C000E0B3A /* setup_client.c in Sources */ = {isa = PBXBuildFile; fileRef = EBC7CEDF1B78EC0C000E0B3A /* setup_client.c */; };
		EBC7CEEA1B78EC0C000E0B3A /* setup_client.o in Frameworks */ = {isa = PBXBuildFile; fileRef = EBC7CEE01B78EC0C000E0B3A /* setup_client.o */; };
		EBC7CEEB1B78EC0C000E0B3A /* setup_mserver.c in Sources */ = {isa = PBXBuildFile; fileRef = EBC7CEE11B78EC0C000E0B3A /* setup_mserver.c */; };
		EBC7CEEC1B78EC0C000E0B3A /* setup_mserver.o in Frameworks */ = {isa = PBXBuildFile; fileRef = EBC7CEE21B78EC0C000E0B3A /* setup_mserver.o */; };
		EBC7CEED1B78EC0C000E0B3A /* setup_server.c in Sources */ = {isa = PBXBuildFile; fileRef = EBC7CEE31B78EC0C000E0B3A /* setup_server.c */; };
		EBC7CEEE1B78EC0C000E0B3A /* setup_server.o in Frameworks */ = {isa = PBXBuildFile; fileRef = EBC7CEE41B78EC0C000E0B3A /* setup_server.o */; };
		EBC7CEF01B78ECF0000E0B3A /* sessionman.c in Sources */ = {isa = PBXBuildFile; fileRef = EBC7CEEF1B78ECF0000E0B3A /* sessionman.c */; };
		EBC7CEF21B796ACD000E0B3A /* server.c in Sources */ = {isa = PBXBuildFile; fileRef = EBC7CEF11B796ACD000E0B3A /* server.c */; };
		EBFAAEC91B5DB34B002D2F1D /* chop_newline.c in Sources */ = {isa = PBXBuildFile; fileRef = EBFAAEBC1B5DB34B002D2F1D /* chop_newline.c */; };
		EBFAAECA1B5DB34B002D2F1D /* chop_newline.o in Frameworks */ = {isa = PBXBuildFile; fileRef = EBFAAEBD1B5DB34B002D2F1D /* chop_newline.o */; };
		EBFAAECB1B5DB34B002D2F1D /* Makefile in Sources */ = {isa = PBXBuildFile; fileRef = EBFAAEBE1B5DB34B002D2F1D /* Makefile */; };
		EBFAAECC1B5DB34B002D2F1D /* mylib.a in Frameworks */ = {isa = PBXBuildFile; fileRef = EBFAAEBF1B5DB34B002D2F1D /* mylib.a */; };
		EBFAAECD1B5DB34B002D2F1D /* setup_client.c in Sources */ = {isa = PBXBuildFile; fileRef = EBFAAEC11B5DB34B002D2F1D /* setup_client.c */; };
		EBFAAECE1B5DB34B002D2F1D /* setup_client.o in Frameworks */ = {isa = PBXBuildFile; fileRef = EBFAAEC21B5DB34B002D2F1D /* setup_client.o */; };
		EBFAAECF1B5DB34B002D2F1D /* setup_mserver.c in Sources */ = {isa = PBXBuildFile; fileRef = EBFAAEC31B5DB34B002D2F1D /* setup_mserver.c */; };
		EBFAAED01B5DB34B002D2F1D /* setup_mserver.o in Frameworks */ = {isa = PBXBuildFile; fileRef = EBFAAEC41B5DB34B002D2F1D /* setup_mserver.o */; };
		EBFAAED11B5DB34B002D2F1D /* setup_server.c in Sources */ = {isa = PBXBuildFile; fileRef = EBFAAEC51B5DB34B002D2F1D /* setup_server.c */; };
		EBFAAED21B5DB34B002D2F1D /* setup_server.o in Frameworks */ = {isa = PBXBuildFile; fileRef = EBFAAEC61B5DB34B002D2F1D /* setup_server.o */; };
		EBFAAED41B5DB3DF002D2F1D /* sessionman.c in Sources */ = {isa = PBXBuildFile; fileRef = EBFAAED31B5DB3DF002D2F1D /* sessionman.c */; };
		EBFAAED61B64AD66002D2F1D /* server.c in Sources */ = {isa = PBXBuildFile; fileRef = EBFAAED51B64AD66002D2F1D /* server.c */; };
		EBFAAED81B64B1E0002D2F1D /* session.c in Sources */ = {isa = PBXBuildFile; fileRef = EBFAAED71B64B1E0002D2F1D /* session.c */; };
/* End PBXBuildFile section */

/* Begin PBXCopyFilesBuildPhase section */
		EB5B75E31B58FCD3003F4D97 /* CopyFiles */ = {
			isa = PBXCopyFilesBuildPhase;
			buildActionMask = 2147483647;
			dstPath = /usr/share/man/man1/;
			dstSubfolderSpec = 0;
			files = (
			);
			runOnlyForDeploymentPostprocessing = 1;
		};
/* End PBXCopyFilesBuildPhase section */

/* Begin PBXFileReference section */
		EB5B75E51B58FCD3003F4D97 /* unix_network_program */ = {isa = PBXFileReference; explicitFileType = "compiled.mach-o.executable"; includeInIndex = 0; path = unix_network_program; sourceTree = BUILT_PRODUCTS_DIR; };
		EB5B75E81B58FCD3003F4D97 /* main.c */ = {isa = PBXFileReference; lastKnownFileType = sourcecode.c.c; path = main.c; sourceTree = "<group>"; };
		EB5B76341B5900C4003F4D97 /* client.c */ = {isa = PBXFileReference; fileEncoding = 4; lastKnownFileType = sourcecode.c.c; path = client.c; sourceTree = "<group>"; };
		EB5B76351B5900C4003F4D97 /* goban.c */ = {isa = PBXFileReference; fileEncoding = 4; lastKnownFileType = sourcecode.c.c; path = goban.c; sourceTree = "<group>"; };
		EB5B76361B5900C4003F4D97 /* goban.h */ = {isa = PBXFileReference; fileEncoding = 4; lastKnownFileType = sourcecode.c.h; path = goban.h; sourceTree = "<group>"; };
		EB5B76371B5900C4003F4D97 /* Makefile */ = {isa = PBXFileReference; fileEncoding = 4; lastKnownFileType = sourcecode.make; path = Makefile; sourceTree = "<group>"; };
		EB5B76381B5900C4003F4D97 /* server.c */ = {isa = PBXFileReference; fileEncoding = 4; lastKnownFileType = sourcecode.c.c; path = server.c; sourceTree = "<group>"; };
		EB5B76391B5900C4003F4D97 /* server.o */ = {isa = PBXFileReference; lastKnownFileType = "compiled.mach-o.objfile"; path = server.o; sourceTree = "<group>"; };
		EB5B763B1B5900C4003F4D97 /* chop_newline.c */ = {isa = PBXFileReference; fileEncoding = 4; lastKnownFileType = sourcecode.c.c; path = chop_newline.c; sourceTree = "<group>"; };
		EB5B763C1B5900C4003F4D97 /* chop_newline.o */ = {isa = PBXFileReference; lastKnownFileType = "compiled.mach-o.objfile"; path = chop_newline.o; sourceTree = "<group>"; };
		EB5B763D1B5900C4003F4D97 /* Makefile */ = {isa = PBXFileReference; fileEncoding = 4; lastKnownFileType = sourcecode.make; path = Makefile; sourceTree = "<group>"; };
		EB5B763E1B5900C4003F4D97 /* mylib.a */ = {isa = PBXFileReference; lastKnownFileType = archive.ar; path = mylib.a; sourceTree = "<group>"; };
		EB5B763F1B5900C4003F4D97 /* mylib.h */ = {isa = PBXFileReference; fileEncoding = 4; lastKnownFileType = sourcecode.c.h; path = mylib.h; sourceTree = "<group>"; };
		EB5B76401B5900C4003F4D97 /* setup_client.c */ = {isa = PBXFileReference; fileEncoding = 4; lastKnownFileType = sourcecode.c.c; path = setup_client.c; sourceTree = "<group>"; };
		EB5B76411B5900C4003F4D97 /* setup_client.o */ = {isa = PBXFileReference; lastKnownFileType = "compiled.mach-o.objfile"; path = setup_client.o; sourceTree = "<group>"; };
		EB5B76421B5900C4003F4D97 /* setup_server.c */ = {isa = PBXFileReference; fileEncoding = 4; lastKnownFileType = sourcecode.c.c; path = setup_server.c; sourceTree = "<group>"; };
		EB5B76431B5900C4003F4D97 /* setup_server.o */ = {isa = PBXFileReference; lastKnownFileType = "compiled.mach-o.objfile"; path = setup_server.o; sourceTree = "<group>"; };
		EB5B76451B5900C4003F4D97 /* main.c */ = {isa = PBXFileReference; fileEncoding = 4; lastKnownFileType = sourcecode.c.c; path = main.c; sourceTree = "<group>"; };
		EB5B765F1B590AAF003F4D97 /* client.c */ = {isa = PBXFileReference; fileEncoding = 4; lastKnownFileType = sourcecode.c.c; path = client.c; sourceTree = "<group>"; };
		EB5B76601B590AAF003F4D97 /* server.c */ = {isa = PBXFileReference; fileEncoding = 4; lastKnownFileType = sourcecode.c.c; path = server.c; sourceTree = "<group>"; };
		EB98FA0D1B5A1177001D612B /* server.c */ = {isa = PBXFileReference; fileEncoding = 4; lastKnownFileType = sourcecode.c.c; path = server.c; sourceTree = "<group>"; };
		EB98FA0F1B5A1297001D612B /* mylib.a */ = {isa = PBXFileReference; lastKnownFileType = archive.ar; path = mylib.a; sourceTree = "<group>"; };
		EB98FA111B5A1385001D612B /* client.c */ = {isa = PBXFileReference; fileEncoding = 4; lastKnownFileType = sourcecode.c.c; path = client.c; sourceTree = "<group>"; };
		EB98FA131B5A1505001D612B /* tag.h */ = {isa = PBXFileReference; fileEncoding = 4; lastKnownFileType = sourcecode.c.h; path = tag.h; sourceTree = "<group>"; };
		EB98FA141B5A15AE001D612B /* session.c */ = {isa = PBXFileReference; fileEncoding = 4; lastKnownFileType = sourcecode.c.c; path = session.c; sourceTree = "<group>"; };
		EB98FA151B5A15AE001D612B /* session.h */ = {isa = PBXFileReference; fileEncoding = 4; lastKnownFileType = sourcecode.c.h; path = session.h; sourceTree = "<group>"; };
		EB98FA171B5A3569001D612B /* Makefile */ = {isa = PBXFileReference; fileEncoding = 4; lastKnownFileType = sourcecode.make; path = Makefile; sourceTree = "<group>"; };
		EB98FA191B5A3951001D612B /* mylib.h */ = {isa = PBXFileReference; fileEncoding = 4; lastKnownFileType = sourcecode.c.h; path = mylib.h; sourceTree = "<group>"; };
		EB98FA221B5A556E001D612B /* mylib.h */ = {isa = PBXFileReference; fileEncoding = 4; lastKnownFileType = sourcecode.c.h; path = mylib.h; sourceTree = "<group>"; };
		EB98FA241B5A556E001D612B /* mylib.a */ = {isa = PBXFileReference; lastKnownFileType = archive.ar; path = mylib.a; sourceTree = "<group>"; };
		EB98FA261B5A55B4001D612B /* setup_mserver.c */ = {isa = PBXFileReference; fileEncoding = 4; lastKnownFileType = sourcecode.c.c; path = setup_mserver.c; sourceTree = "<group>"; };
		EB98FA281B5B31A2001D612B /* sessionman.c */ = {isa = PBXFileReference; fileEncoding = 4; lastKnownFileType = sourcecode.c.c; path = sessionman.c; sourceTree = "<group>"; };
		EB98FA2A1B5B641D001D612B /* server.c */ = {isa = PBXFileReference; fileEncoding = 4; lastKnownFileType = sourcecode.c.c; path = server.c; sourceTree = "<group>"; };
		EB98FA2C1B5B660D001D612B /* sessionman.h */ = {isa = PBXFileReference; lastKnownFileType = sourcecode.c.h; path = sessionman.h; sourceTree = "<group>"; };
		EB98FA2D1B5B6A52001D612B /* session.c */ = {isa = PBXFileReference; fileEncoding = 4; lastKnownFileType = sourcecode.c.c; path = session.c; sourceTree = "<group>"; };
		EB98FA2F1B5B78E8001D612B /* client.c */ = {isa = PBXFileReference; fileEncoding = 4; lastKnownFileType = sourcecode.c.c; path = client.c; sourceTree = "<group>"; };
		EB98FA311B5B7940001D612B /* session.h */ = {isa = PBXFileReference; lastKnownFileType = sourcecode.c.h; path = session.h; sourceTree = "<group>"; };
		EB98FA321B5B7CC9001D612B /* Makefile */ = {isa = PBXFileReference; fileEncoding = 4; lastKnownFileType = sourcecode.make; path = Makefile; sourceTree = "<group>"; };
		EB98FA341B5B7CE4001D612B /* setup_mserver.c */ = {isa = PBXFileReference; fileEncoding = 4; lastKnownFileType = sourcecode.c.c; path = setup_mserver.c; sourceTree = "<group>"; };
		EB98FA361B5B7DC1001D612B /* chop_newline.c */ = {isa = PBXFileReference; fileEncoding = 4; lastKnownFileType = sourcecode.c.c; path = chop_newline.c; sourceTree = "<group>"; };
		EB98FA371B5B7DC1001D612B /* setup_client.c */ = {isa = PBXFileReference; fileEncoding = 4; lastKnownFileType = sourcecode.c.c; path = setup_client.c; sourceTree = "<group>"; };
		EB98FA381B5B7DC1001D612B /* setup_server.c */ = {isa = PBXFileReference; fileEncoding = 4; lastKnownFileType = sourcecode.c.c; path = setup_server.c; sourceTree = "<group>"; };
		EB98FA391B5B7DC1001D612B /* setup_server.o */ = {isa = PBXFileReference; lastKnownFileType = "compiled.mach-o.objfile"; path = setup_server.o; sourceTree = "<group>"; };
		EB98FA3E1B5B7E2D001D612B /* mylib.h */ = {isa = PBXFileReference; fileEncoding = 4; lastKnownFileType = sourcecode.c.h; path = mylib.h; sourceTree = "<group>"; };
		EB98FA3F1B5B7E4E001D612B /* Makefile */ = {isa = PBXFileReference; fileEncoding = 4; lastKnownFileType = sourcecode.make; path = Makefile; sourceTree = "<group>"; };
		EBC7CED01B710E3E000E0B3A /* client.c */ = {isa = PBXFileReference; fileEncoding = 4; lastKnownFileType = sourcecode.c.c; path = client.c; sourceTree = "<group>"; };
		EBC7CED21B711039000E0B3A /* sessionman.h */ = {isa = PBXFileReference; fileEncoding = 4; lastKnownFileType = sourcecode.c.h; path = sessionman.h; sourceTree = "<group>"; };
		EBC7CED31B7110BC000E0B3A /* race.h */ = {isa = PBXFileReference; fileEncoding = 4; lastKnownFileType = sourcecode.c.h; path = race.h; sourceTree = "<group>"; };
		EBC7CED41B711204000E0B3A /* session.h */ = {isa = PBXFileReference; fileEncoding = 4; lastKnownFileType = sourcecode.c.h; path = session.h; sourceTree = "<group>"; };
		EBC7CED51B7112B3000E0B3A /* Makefile */ = {isa = PBXFileReference; fileEncoding = 4; lastKnownFileType = sourcecode.make; path = Makefile; sourceTree = "<group>"; };
		EBC7CEDA1B78EC0C000E0B3A /* chop_newline.c */ = {isa = PBXFileReference; fileEncoding = 4; lastKnownFileType = sourcecode.c.c; path = chop_newline.c; sourceTree = "<group>"; };
		EBC7CEDB1B78EC0C000E0B3A /* chop_newline.o */ = {isa = PBXFileReference; lastKnownFileType = "compiled.mach-o.objfile"; path = chop_newline.o; sourceTree = "<group>"; };
		EBC7CEDC1B78EC0C000E0B3A /* Makefile */ = {isa = PBXFileReference; fileEncoding = 4; lastKnownFileType = sourcecode.make; path = Makefile; sourceTree = "<group>"; };
		EBC7CEDD1B78EC0C000E0B3A /* mylib.a */ = {isa = PBXFileReference; lastKnownFileType = archive.ar; path = mylib.a; sourceTree = "<group>"; };
		EBC7CEDE1B78EC0C000E0B3A /* mylib.h */ = {isa = PBXFileReference; fileEncoding = 4; lastKnownFileType = sourcecode.c.h; path = mylib.h; sourceTree = "<group>"; };
		EBC7CEDF1B78EC0C000E0B3A /* setup_client.c */ = {isa = PBXFileReference; fileEncoding = 4; lastKnownFileType = sourcecode.c.c; path = setup_client.c; sourceTree = "<group>"; };
		EBC7CEE01B78EC0C000E0B3A /* setup_client.o */ = {isa = PBXFileReference; lastKnownFileType = "compiled.mach-o.objfile"; path = setup_client.o; sourceTree = "<group>"; };
		EBC7CEE11B78EC0C000E0B3A /* setup_mserver.c */ = {isa = PBXFileReference; fileEncoding = 4; lastKnownFileType = sourcecode.c.c; path = setup_mserver.c; sourceTree = "<group>"; };
		EBC7CEE21B78EC0C000E0B3A /* setup_mserver.o */ = {isa = PBXFileReference; lastKnownFileType = "compiled.mach-o.objfile"; path = setup_mserver.o; sourceTree = "<group>"; };
		EBC7CEE31B78EC0C000E0B3A /* setup_server.c */ = {isa = PBXFileReference; fileEncoding = 4; lastKnownFileType = sourcecode.c.c; path = setup_server.c; sourceTree = "<group>"; };
		EBC7CEE41B78EC0C000E0B3A /* setup_server.o */ = {isa = PBXFileReference; lastKnownFileType = "compiled.mach-o.objfile"; path = setup_server.o; sourceTree = "<group>"; };
		EBC7CEEF1B78ECF0000E0B3A /* sessionman.c */ = {isa = PBXFileReference; fileEncoding = 4; lastKnownFileType = sourcecode.c.c; path = sessionman.c; sourceTree = "<group>"; };
		EBC7CEF11B796ACD000E0B3A /* server.c */ = {isa = PBXFileReference; fileEncoding = 4; lastKnownFileType = sourcecode.c.c; path = server.c; sourceTree = "<group>"; };
		EBFAAEBC1B5DB34B002D2F1D /* chop_newline.c */ = {isa = PBXFileReference; fileEncoding = 4; lastKnownFileType = sourcecode.c.c; path = chop_newline.c; sourceTree = "<group>"; };
		EBFAAEBD1B5DB34B002D2F1D /* chop_newline.o */ = {isa = PBXFileReference; lastKnownFileType = "compiled.mach-o.objfile"; path = chop_newline.o; sourceTree = "<group>"; };
		EBFAAEBE1B5DB34B002D2F1D /* Makefile */ = {isa = PBXFileReference; fileEncoding = 4; lastKnownFileType = sourcecode.make; path = Makefile; sourceTree = "<group>"; };
		EBFAAEBF1B5DB34B002D2F1D /* mylib.a */ = {isa = PBXFileReference; lastKnownFileType = archive.ar; path = mylib.a; sourceTree = "<group>"; };
		EBFAAEC01B5DB34B002D2F1D /* mylib.h */ = {isa = PBXFileReference; fileEncoding = 4; lastKnownFileType = sourcecode.c.h; path = mylib.h; sourceTree = "<group>"; };
		EBFAAEC11B5DB34B002D2F1D /* setup_client.c */ = {isa = PBXFileReference; fileEncoding = 4; lastKnownFileType = sourcecode.c.c; path = setup_client.c; sourceTree = "<group>"; };
		EBFAAEC21B5DB34B002D2F1D /* setup_client.o */ = {isa = PBXFileReference; lastKnownFileType = "compiled.mach-o.objfile"; path = setup_client.o; sourceTree = "<group>"; };
		EBFAAEC31B5DB34B002D2F1D /* setup_mserver.c */ = {isa = PBXFileReference; fileEncoding = 4; lastKnownFileType = sourcecode.c.c; path = setup_mserver.c; sourceTree = "<group>"; };
		EBFAAEC41B5DB34B002D2F1D /* setup_mserver.o */ = {isa = PBXFileReference; lastKnownFileType = "compiled.mach-o.objfile"; path = setup_mserver.o; sourceTree = "<group>"; };
		EBFAAEC51B5DB34B002D2F1D /* setup_server.c */ = {isa = PBXFileReference; fileEncoding = 4; lastKnownFileType = sourcecode.c.c; path = setup_server.c; sourceTree = "<group>"; };
		EBFAAEC61B5DB34B002D2F1D /* setup_server.o */ = {isa = PBXFileReference; lastKnownFileType = "compiled.mach-o.objfile"; path = setup_server.o; sourceTree = "<group>"; };
		EBFAAED31B5DB3DF002D2F1D /* sessionman.c */ = {isa = PBXFileReference; fileEncoding = 4; lastKnownFileType = sourcecode.c.c; path = sessionman.c; sourceTree = "<group>"; };
		EBFAAED51B64AD66002D2F1D /* server.c */ = {isa = PBXFileReference; fileEncoding = 4; lastKnownFileType = sourcecode.c.c; path = server.c; sourceTree = "<group>"; };
		EBFAAED71B64B1E0002D2F1D /* session.c */ = {isa = PBXFileReference; fileEncoding = 4; lastKnownFileType = sourcecode.c.c; path = session.c; sourceTree = "<group>"; };
/* End PBXFileReference section */

/* Begin PBXFrameworksBuildPhase section */
		EB5B75E21B58FCD3003F4D97 /* Frameworks */ = {
			isa = PBXFrameworksBuildPhase;
			buildActionMask = 2147483647;
			files = (
				EBC7CEE61B78EC0C000E0B3A /* chop_newline.o in Frameworks */,
				EB98FA251B5A556E001D612B /* mylib.a in Frameworks */,
				EB5B76521B5900C4003F4D97 /* setup_server.o in Frameworks */,
				EBC7CEE81B78EC0C000E0B3A /* mylib.a in Frameworks */,
				EB98FA3D1B5B7DC1001D612B /* setup_server.o in Frameworks */,
				EBFAAECC1B5DB34B002D2F1D /* mylib.a in Frameworks */,
				EBFAAED01B5DB34B002D2F1D /* setup_mserver.o in Frameworks */,
				EB5B764E1B5900C4003F4D97 /* mylib.a in Frameworks */,
				EBC7CEEC1B78EC0C000E0B3A /* setup_mserver.o in Frameworks */,
				EB5B764C1B5900C4003F4D97 /* chop_newline.o in Frameworks */,
				EBFAAECE1B5DB34B002D2F1D /* setup_client.o in Frameworks */,
				EBC7CEEA1B78EC0C000E0B3A /* setup_client.o in Frameworks */,
				EBFAAECA1B5DB34B002D2F1D /* chop_newline.o in Frameworks */,
				EB98FA101B5A1297001D612B /* mylib.a in Frameworks */,
				EBFAAED21B5DB34B002D2F1D /* setup_server.o in Frameworks */,
				EB5B76501B5900C4003F4D97 /* setup_client.o in Frameworks */,
				EBC7CEEE1B78EC0C000E0B3A /* setup_server.o in Frameworks */,
				EB5B764A1B5900C4003F4D97 /* server.o in Frameworks */,
			);
			runOnlyForDeploymentPostprocessing = 0;
		};
/* End PBXFrameworksBuildPhase section */

/* Begin PBXGroup section */
		EB5B75DA1B58FCB5003F4D97 = {
			isa = PBXGroup;
			children = (
				EBC7CED71B78EC0C000E0B3A /* unix_network_programming_07 */,
				EBFAAEBA1B5DB34B002D2F1D /* unix_network_programming_06 */,
				EB98FA201B5A556E001D612B /* unix_network_programming_05 */,
				EB98FA0A1B5A0F15001D612B /* unix_network_programming_04 */,
				EB5B765E1B590AAF003F4D97 /* unix_network_programming_02 */,
				EB5B75E71B58FCD3003F4D97 /* unix_network_program */,
				EB5B75E61B58FCD3003F4D97 /* Products */,
				EB5B76321B5900C4003F4D97 /* unix_network_programming_03 */,
			);
			sourceTree = "<group>";
		};
		EB5B75E61B58FCD3003F4D97 /* Products */ = {
			isa = PBXGroup;
			children = (
				EB5B75E51B58FCD3003F4D97 /* unix_network_program */,
			);
			name = Products;
			sourceTree = "<group>";
		};
		EB5B75E71B58FCD3003F4D97 /* unix_network_program */ = {
			isa = PBXGroup;
			children = (
				EB5B75E81B58FCD3003F4D97 /* main.c */,
			);
			path = unix_network_program;
			sourceTree = "<group>";
		};
		EB5B76321B5900C4003F4D97 /* unix_network_programming_03 */ = {
			isa = PBXGroup;
			children = (
				EB5B76331B5900C4003F4D97 /* 3moku */,
				EB5B763A1B5900C4003F4D97 /* mylib */,
				EB5B76441B5900C4003F4D97 /* unix_network_programming_03 */,
			);
			path = unix_network_programming_03;
			sourceTree = "<group>";
		};
		EB5B76331B5900C4003F4D97 /* 3moku */ = {
			isa = PBXGroup;
			children = (
				EB5B76341B5900C4003F4D97 /* client.c */,
				EB5B76351B5900C4003F4D97 /* goban.c */,
				EB5B76361B5900C4003F4D97 /* goban.h */,
				EB5B76371B5900C4003F4D97 /* Makefile */,
				EB5B76381B5900C4003F4D97 /* server.c */,
				EB5B76391B5900C4003F4D97 /* server.o */,
			);
			path = 3moku;
			sourceTree = "<group>";
		};
		EB5B763A1B5900C4003F4D97 /* mylib */ = {
			isa = PBXGroup;
			children = (
				EB5B763B1B5900C4003F4D97 /* chop_newline.c */,
				EB5B763C1B5900C4003F4D97 /* chop_newline.o */,
				EB5B763D1B5900C4003F4D97 /* Makefile */,
				EB5B763E1B5900C4003F4D97 /* mylib.a */,
				EB5B763F1B5900C4003F4D97 /* mylib.h */,
				EB5B76401B5900C4003F4D97 /* setup_client.c */,
				EB5B76411B5900C4003F4D97 /* setup_client.o */,
				EB5B76421B5900C4003F4D97 /* setup_server.c */,
				EB5B76431B5900C4003F4D97 /* setup_server.o */,
			);
			path = mylib;
			sourceTree = "<group>";
		};
		EB5B76441B5900C4003F4D97 /* unix_network_programming_03 */ = {
			isa = PBXGroup;
			children = (
				EB5B76451B5900C4003F4D97 /* main.c */,
			);
			path = unix_network_programming_03;
			sourceTree = "<group>";
		};
		EB5B765E1B590AAF003F4D97 /* unix_network_programming_02 */ = {
			isa = PBXGroup;
			children = (
				EB5B765F1B590AAF003F4D97 /* client.c */,
				EB5B76601B590AAF003F4D97 /* server.c */,
			);
			path = unix_network_programming_02;
			sourceTree = "<group>";
		};
		EB98FA0A1B5A0F15001D612B /* unix_network_programming_04 */ = {
			isa = PBXGroup;
			children = (
				EB98FA0B1B5A0F15001D612B /* mylib */,
				EB98FA0C1B5A0F15001D612B /* tag */,
			);
			path = unix_network_programming_04;
			sourceTree = "<group>";
		};
		EB98FA0B1B5A0F15001D612B /* mylib */ = {
			isa = PBXGroup;
			children = (
				EB98FA0F1B5A1297001D612B /* mylib.a */,
			);
			path = mylib;
			sourceTree = "<group>";
		};
		EB98FA0C1B5A0F15001D612B /* tag */ = {
			isa = PBXGroup;
			children = (
				EB98FA191B5A3951001D612B /* mylib.h */,
				EB98FA0D1B5A1177001D612B /* server.c */,
				EB98FA111B5A1385001D612B /* client.c */,
				EB98FA131B5A1505001D612B /* tag.h */,
				EB98FA141B5A15AE001D612B /* session.c */,
				EB98FA151B5A15AE001D612B /* session.h */,
				EB98FA171B5A3569001D612B /* Makefile */,
			);
			path = tag;
			sourceTree = "<group>";
		};
		EB98FA201B5A556E001D612B /* unix_network_programming_05 */ = {
			isa = PBXGroup;
			children = (
				EB98FA211B5A556E001D612B /* mtalk */,
				EB98FA231B5A556E001D612B /* mylib */,
			);
			path = unix_network_programming_05;
			sourceTree = "<group>";
		};
		EB98FA211B5A556E001D612B /* mtalk */ = {
			isa = PBXGroup;
			children = (
				EB98FA221B5A556E001D612B /* mylib.h */,
				EB98FA261B5A55B4001D612B /* setup_mserver.c */,
				EB98FA281B5B31A2001D612B /* sessionman.c */,
				EB98FA2A1B5B641D001D612B /* server.c */,
				EB98FA2C1B5B660D001D612B /* sessionman.h */,
				EB98FA2D1B5B6A52001D612B /* session.c */,
				EB98FA2F1B5B78E8001D612B /* client.c */,
				EB98FA311B5B7940001D612B /* session.h */,
				EB98FA3F1B5B7E4E001D612B /* Makefile */,
			);
			path = mtalk;
			sourceTree = "<group>";
		};
		EB98FA231B5A556E001D612B /* mylib */ = {
			isa = PBXGroup;
			children = (
				EB98FA3E1B5B7E2D001D612B /* mylib.h */,
				EB98FA341B5B7CE4001D612B /* setup_mserver.c */,
				EB98FA361B5B7DC1001D612B /* chop_newline.c */,
				EB98FA371B5B7DC1001D612B /* setup_client.c */,
				EB98FA381B5B7DC1001D612B /* setup_server.c */,
				EB98FA391B5B7DC1001D612B /* setup_server.o */,
				EB98FA321B5B7CC9001D612B /* Makefile */,
				EB98FA241B5A556E001D612B /* mylib.a */,
			);
			path = mylib;
			sourceTree = "<group>";
		};
		EBC7CED71B78EC0C000E0B3A /* unix_network_programming_07 */ = {
			isa = PBXGroup;
			children = (
				EBC7CED81B78EC0C000E0B3A /* mtalk2 */,
				EBC7CED91B78EC0C000E0B3A /* mylib */,
			);
			path = unix_network_programming_07;
			sourceTree = "<group>";
		};
		EBC7CED81B78EC0C000E0B3A /* mtalk2 */ = {
			isa = PBXGroup;
			children = (
				EBC7CEEF1B78ECF0000E0B3A /* sessionman.c */,
				EBC7CEF11B796ACD000E0B3A /* server.c */,
			);
			path = mtalk2;
			sourceTree = "<group>";
		};
		EBC7CED91B78EC0C000E0B3A /* mylib */ = {
			isa = PBXGroup;
			children = (
				EBC7CEDA1B78EC0C000E0B3A /* chop_newline.c */,
				EBC7CEDB1B78EC0C000E0B3A /* chop_newline.o */,
				EBC7CEDC1B78EC0C000E0B3A /* Makefile */,
				EBC7CEDD1B78EC0C000E0B3A /* mylib.a */,
				EBC7CEDE1B78EC0C000E0B3A /* mylib.h */,
				EBC7CEDF1B78EC0C000E0B3A /* setup_client.c */,
				EBC7CEE01B78EC0C000E0B3A /* setup_client.o */,
				EBC7CEE11B78EC0C000E0B3A /* setup_mserver.c */,
				EBC7CEE21B78EC0C000E0B3A /* setup_mserver.o */,
				EBC7CEE31B78EC0C000E0B3A /* setup_server.c */,
				EBC7CEE41B78EC0C000E0B3A /* setup_server.o */,
			);
			path = mylib;
			sourceTree = "<group>";
		};
		EBFAAEBA1B5DB34B002D2F1D /* unix_network_programming_06 */ = {
			isa = PBXGroup;
			children = (
				EBFAAEBB1B5DB34B002D2F1D /* mylib */,
				EBFAAEC71B5DB34B002D2F1D /* race */,
			);
			path = unix_network_programming_06;
			sourceTree = "<group>";
		};
		EBFAAEBB1B5DB34B002D2F1D /* mylib */ = {
			isa = PBXGroup;
			children = (
				EBFAAEBC1B5DB34B002D2F1D /* chop_newline.c */,
				EBFAAEBD1B5DB34B002D2F1D /* chop_newline.o */,
				EBFAAEBE1B5DB34B002D2F1D /* Makefile */,
				EBFAAEBF1B5DB34B002D2F1D /* mylib.a */,
				EBFAAEC01B5DB34B002D2F1D /* mylib.h */,
				EBFAAEC11B5DB34B002D2F1D /* setup_client.c */,
				EBFAAEC21B5DB34B002D2F1D /* setup_client.o */,
				EBFAAEC31B5DB34B002D2F1D /* setup_mserver.c */,
				EBFAAEC41B5DB34B002D2F1D /* setup_mserver.o */,
				EBFAAEC51B5DB34B002D2F1D /* setup_server.c */,
				EBFAAEC61B5DB34B002D2F1D /* setup_server.o */,
			);
			path = mylib;
			sourceTree = "<group>";
		};
		EBFAAEC71B5DB34B002D2F1D /* race */ = {
			isa = PBXGroup;
			children = (
				EBFAAED31B5DB3DF002D2F1D /* sessionman.c */,
				EBFAAED51B64AD66002D2F1D /* server.c */,
				EBFAAED71B64B1E0002D2F1D /* session.c */,
				EBC7CED01B710E3E000E0B3A /* client.c */,
				EBC7CED21B711039000E0B3A /* sessionman.h */,
				EBC7CED31B7110BC000E0B3A /* race.h */,
				EBC7CED41B711204000E0B3A /* session.h */,
				EBFAAEC81B5DB34B002D2F1D /* data */,
				EBC7CED51B7112B3000E0B3A /* Makefile */,
			);
			path = race;
			sourceTree = "<group>";
		};
		EBFAAEC81B5DB34B002D2F1D /* data */ = {
			isa = PBXGroup;
			children = (
			);
			path = data;
			sourceTree = "<group>";
		};
/* End PBXGroup section */

/* Begin PBXNativeTarget section */
		EB5B75E41B58FCD3003F4D97 /* unix_network_program */ = {
			isa = PBXNativeTarget;
			buildConfigurationList = EB5B75EA1B58FCD3003F4D97 /* Build configuration list for PBXNativeTarget "unix_network_program" */;
			buildPhases = (
				EB5B75E11B58FCD3003F4D97 /* Sources */,
				EB5B75E21B58FCD3003F4D97 /* Frameworks */,
				EB5B75E31B58FCD3003F4D97 /* CopyFiles */,
			);
			buildRules = (
			);
			dependencies = (
			);
			name = unix_network_program;
			productName = unix_network_program;
			productReference = EB5B75E51B58FCD3003F4D97 /* unix_network_program */;
			productType = "com.apple.product-type.tool";
		};
/* End PBXNativeTarget section */

/* Begin PBXProject section */
		EB5B75DB1B58FCB5003F4D97 /* Project object */ = {
			isa = PBXProject;
			attributes = {
				LastUpgradeCheck = 0630;
				TargetAttributes = {
					EB5B75E41B58FCD3003F4D97 = {
						CreatedOnToolsVersion = 6.3.1;
					};
				};
			};
			buildConfigurationList = EB5B75DE1B58FCB5003F4D97 /* Build configuration list for PBXProject "unix_network_program" */;
			compatibilityVersion = "Xcode 3.2";
			developmentRegion = English;
			hasScannedForEncodings = 0;
			knownRegions = (
				en,
			);
			mainGroup = EB5B75DA1B58FCB5003F4D97;
			productRefGroup = EB5B75E61B58FCD3003F4D97 /* Products */;
			projectDirPath = "";
			projectRoot = "";
			targets = (
				EB5B75E41B58FCD3003F4D97 /* unix_network_program */,
			);
		};
/* End PBXProject section */

/* Begin PBXSourcesBuildPhase section */
		EB5B75E11B58FCD3003F4D97 /* Sources */ = {
			isa = PBXSourcesBuildPhase;
			buildActionMask = 2147483647;
			files = (
				EBC7CEF21B796ACD000E0B3A /* server.c in Sources */,
				EB5B76611B590AAF003F4D97 /* client.c in Sources */,
				EB5B76531B5900C4003F4D97 /* main.c in Sources */,
				EB98FA3C1B5B7DC1001D612B /* setup_server.c in Sources */,
				EB98FA3A1B5B7DC1001D612B /* chop_newline.c in Sources */,
				EBFAAED81B64B1E0002D2F1D /* session.c in Sources */,
				EB5B76471B5900C4003F4D97 /* goban.c in Sources */,
				EBC7CED61B7112B3000E0B3A /* Makefile in Sources */,
				EB5B76511B5900C4003F4D97 /* setup_server.c in Sources */,
				EBFAAED11B5DB34B002D2F1D /* setup_server.c in Sources */,
				EB98FA161B5A15AE001D612B /* session.c in Sources */,
				EB5B76621B590AAF003F4D97 /* server.c in Sources */,
				EB98FA2B1B5B641D001D612B /* server.c in Sources */,
				EB98FA181B5A3569001D612B /* Makefile in Sources */,
				EBFAAEC91B5DB34B002D2F1D /* chop_newline.c in Sources */,
				EB98FA301B5B78E8001D612B /* client.c in Sources */,
				EBFAAECD1B5DB34B002D2F1D /* setup_client.c in Sources */,
				EBFAAED41B5DB3DF002D2F1D /* sessionman.c in Sources */,
				EB98FA271B5A55B4001D612B /* setup_mserver.c in Sources */,
				EB5B76461B5900C4003F4D97 /* client.c in Sources */,
				EB98FA351B5B7CE4001D612B /* setup_mserver.c in Sources */,
				EB5B764B1B5900C4003F4D97 /* chop_newline.c in Sources */,
				EBC7CEEB1B78EC0C000E0B3A /* setup_mserver.c in Sources */,
				EBC7CED11B710E3E000E0B3A /* client.c in Sources */,
				EBC7CEE91B78EC0C000E0B3A /* setup_client.c in Sources */,
				EB5B76481B5900C4003F4D97 /* Makefile in Sources */,
				EB98FA291B5B31A2001D612B /* sessionman.c in Sources */,
				EB98FA331B5B7CC9001D612B /* Makefile in Sources */,
				EB98FA401B5B7E4E001D612B /* Makefile in Sources */,
				EB98FA3B1B5B7DC1001D612B /* setup_client.c in Sources */,
				EB98FA121B5A1385001D612B /* client.c in Sources */,
				EB98FA2E1B5B6A52001D612B /* session.c in Sources */,
				EB5B76491B5900C4003F4D97 /* server.c in Sources */,
				EB5B764D1B5900C4003F4D97 /* Makefile in Sources */,
				EB5B764F1B5900C4003F4D97 /* setup_client.c in Sources */,
				EBC7CEE51B78EC0C000E0B3A /* chop_newline.c in Sources */,
				EB98FA0E1B5A1177001D612B /* server.c in Sources */,
				EBFAAECF1B5DB34B002D2F1D /* setup_mserver.c in Sources */,
				EB5B75E91B58FCD3003F4D97 /* main.c in Sources */,
				EBC7CEE71B78EC0C000E0B3A /* Makefile in Sources */,
				EBC7CEF01B78ECF0000E0B3A /* sessionman.c in Sources */,
				EBFAAED61B64AD66002D2F1D /* server.c in Sources */,
				EBC7CEED1B78EC0C000E0B3A /* setup_server.c in Sources */,
				EBFAAECB1B5DB34B002D2F1D /* Makefile in Sources */,
			);
			runOnlyForDeploymentPostprocessing = 0;
		};
/* End PBXSourcesBuildPhase section */

/* Begin XCBuildConfiguration section */
		EB5B75DF1B58FCB5003F4D97 /* Debug */ = {
			isa = XCBuildConfiguration;
			buildSettings = {
			};
			name = Debug;
		};
		EB5B75E01B58FCB5003F4D97 /* Release */ = {
			isa = XCBuildConfiguration;
			buildSettings = {
			};
			name = Release;
		};
		EB5B75EB1B58FCD3003F4D97 /* Debug */ = {
			isa = XCBuildConfiguration;
			buildSettings = {
				ALWAYS_SEARCH_USER_PATHS = NO;
				CLANG_CXX_LANGUAGE_STANDARD = "gnu++0x";
				CLANG_CXX_LIBRARY = "libc++";
				CLANG_ENABLE_MODULES = YES;
				CLANG_ENABLE_OBJC_ARC = YES;
				CLANG_WARN_BOOL_CONVERSION = YES;
				CLANG_WARN_CONSTANT_CONVERSION = YES;
				CLANG_WARN_DIRECT_OBJC_ISA_USAGE = YES_ERROR;
				CLANG_WARN_EMPTY_BODY = YES;
				CLANG_WARN_ENUM_CONVERSION = YES;
				CLANG_WARN_INT_CONVERSION = YES;
				CLANG_WARN_OBJC_ROOT_CLASS = YES_ERROR;
				CLANG_WARN_UNREACHABLE_CODE = YES;
				CLANG_WARN__DUPLICATE_METHOD_MATCH = YES;
				COPY_PHASE_STRIP = NO;
				DEBUG_INFORMATION_FORMAT = dwarf;
				ENABLE_STRICT_OBJC_MSGSEND = YES;
				GCC_C_LANGUAGE_STANDARD = gnu99;
				GCC_DYNAMIC_NO_PIC = NO;
				GCC_NO_COMMON_BLOCKS = YES;
				GCC_OPTIMIZATION_LEVEL = 0;
				GCC_PREPROCESSOR_DEFINITIONS = (
					"DEBUG=1",
					"$(inherited)",
				);
				GCC_SYMBOLS_PRIVATE_EXTERN = NO;
				GCC_WARN_64_TO_32_BIT_CONVERSION = YES;
				GCC_WARN_ABOUT_RETURN_TYPE = YES_ERROR;
				GCC_WARN_UNDECLARED_SELECTOR = YES;
				GCC_WARN_UNINITIALIZED_AUTOS = YES_AGGRESSIVE;
				GCC_WARN_UNUSED_FUNCTION = YES;
				GCC_WARN_UNUSED_VARIABLE = YES;
				LIBRARY_SEARCH_PATHS = (
					"$(inherited)",
					"$(PROJECT_DIR)/unix_network_programming_03/mylib",
					/Users/koji/Vagrant/unix_network_programming/unix_program/unix_network_programming/unix_network_programming_03/mylib,
					"$(PROJECT_DIR)/unix_network_programming_04/mylib",
					"$(PROJECT_DIR)/unix_network_programming_03/unix_network_programming_05/mylib",
					"$(PROJECT_DIR)/unix_network_programming_05/mylib",
					"$(PROJECT_DIR)/unix_network_programming_06/mylib",
					"$(PROJECT_DIR)/unix_network_programming_07/mylib",
				);
				MACOSX_DEPLOYMENT_TARGET = 10.10;
				MTL_ENABLE_DEBUG_INFO = YES;
				ONLY_ACTIVE_ARCH = YES;
				PRODUCT_NAME = "$(TARGET_NAME)";
				SDKROOT = macosx;
			};
			name = Debug;
		};
		EB5B75EC1B58FCD3003F4D97 /* Release */ = {
			isa = XCBuildConfiguration;
			buildSettings = {
				ALWAYS_SEARCH_USER_PATHS = NO;
				CLANG_CXX_LANGUAGE_STANDARD = "gnu++0x";
				CLANG_CXX_LIBRARY = "libc++";
				CLANG_ENABLE_MODULES = YES;
				CLANG_ENABLE_OBJC_ARC = YES;
				CLANG_WARN_BOOL_CONVERSION = YES;
				CLANG_WARN_CONSTANT_CONVERSION = YES;
				CLANG_WARN_DIRECT_OBJC_ISA_USAGE = YES_ERROR;
				CLANG_WARN_EMPTY_BODY = YES;
				CLANG_WARN_ENUM_CONVERSION = YES;
				CLANG_WARN_INT_CONVERSION = YES;
				CLANG_WARN_OBJC_ROOT_CLASS = YES_ERROR;
				CLANG_WARN_UNREACHABLE_CODE = YES;
				CLANG_WARN__DUPLICATE_METHOD_MATCH = YES;
				COPY_PHASE_STRIP = NO;
				DEBUG_INFORMATION_FORMAT = "dwarf-with-dsym";
				ENABLE_NS_ASSERTIONS = NO;
				ENABLE_STRICT_OBJC_MSGSEND = YES;
				GCC_C_LANGUAGE_STANDARD = gnu99;
				GCC_NO_COMMON_BLOCKS = YES;
				GCC_WARN_64_TO_32_BIT_CONVERSION = YES;
				GCC_WARN_ABOUT_RETURN_TYPE = YES_ERROR;
				GCC_WARN_UNDECLARED_SELECTOR = YES;
				GCC_WARN_UNINITIALIZED_AUTOS = YES_AGGRESSIVE;
				GCC_WARN_UNUSED_FUNCTION = YES;
				GCC_WARN_UNUSED_VARIABLE = YES;
				LIBRARY_SEARCH_PATHS = (
					"$(inherited)",
					"$(PROJECT_DIR)/unix_network_programming_03/mylib",
					/Users/koji/Vagrant/unix_network_programming/unix_program/unix_network_programming/unix_network_programming_03/mylib,
					"$(PROJECT_DIR)/unix_network_programming_04/mylib",
					"$(PROJECT_DIR)/unix_network_programming_03/unix_network_programming_05/mylib",
					"$(PROJECT_DIR)/unix_network_programming_05/mylib",
					"$(PROJECT_DIR)/unix_network_programming_06/mylib",
					"$(PROJECT_DIR)/unix_network_programming_07/mylib",
				);
				MACOSX_DEPLOYMENT_TARGET = 10.10;
				MTL_ENABLE_DEBUG_INFO = NO;
				PRODUCT_NAME = "$(TARGET_NAME)";
				SDKROOT = macosx;
			};
			name = Release;
		};
/* End XCBuildConfiguration section */

/* Begin XCConfigurationList section */
		EB5B75DE1B58FCB5003F4D97 /* Build configuration list for PBXProject "unix_network_program" */ = {
			isa = XCConfigurationList;
			buildConfigurations = (
				EB5B75DF1B58FCB5003F4D97 /* Debug */,
				EB5B75E01B58FCB5003F4D97 /* Release */,
			);
			defaultConfigurationIsVisible = 0;
			defaultConfigurationName = Release;
		};
		EB5B75EA1B58FCD3003F4D97 /* Build configuration list for PBXNativeTarget "unix_network_program" */ = {
			isa = XCConfigurationList;
			buildConfigurations = (
				EB5B75EB1B58FCD3003F4D97 /* Debug */,
				EB5B75EC1B58FCD3003F4D97 /* Release */,
			);
			defaultConfigurationIsVisible = 0;
			defaultConfigurationName = Release;
		};
/* End XCConfigurationList section */
	};
	rootObject = EB5B75DB1B58FCB5003F4D97 /* Project object */;
}
